
Microsoft Visual Studio Solution File, Format Version 12.00
# Visual Studio 15
VisualStudioVersion = 15.0.28307.168
MinimumVisualStudioVersion = 10.0.40219.1
Project("{FAE04EC0-301F-11D3-BF4B-00C04F79EFBC}") = "AsyncInn", "AsyncInn\AsyncInn.csproj", "{30EFD257-01B0-4D35-946D-2BE01B204639}"
EndProject
Global
	GlobalSection(SolutionConfigurationPlatforms) = preSolution
		Debug|Any CPU = Debug|Any CPU
		Release|Any CPU = Release|Any CPU
	EndGlobalSection
	GlobalSection(ProjectConfigurationPlatforms) = postSolution
		{30EFD257-01B0-4D35-946D-2BE01B204639}.Debug|Any CPU.ActiveCfg = Debug|Any CPU
		{30EFD257-01B0-4D35-946D-2BE01B204639}.Debug|Any CPU.Build.0 = Debug|Any CPU
		{30EFD257-01B0-4D35-946D-2BE01B204639}.Release|Any CPU.ActiveCfg = Release|Any CPU
		{30EFD257-01B0-4D35-946D-2BE01B204639}.Release|Any CPU.Build.0 = Release|Any CPU
	EndGlobalSection
	GlobalSection(SolutionProperties) = preSolution
		HideSolutionNode = FALSE
	EndGlobalSection
	GlobalSection(ExtensibilityGlobals) = postSolution
		SolutionGuid = {1A90F438-9CCE-4849-B85F-1579089C86D1}
	EndGlobalSection
EndGlobal
